
Microsoft Visual Studio Solution File, Format Version 12.00
# Visual Studio 15
VisualStudioVersion = 15.0.28307.757
MinimumVisualStudioVersion = 10.0.40219.1
Project("{FAE04EC0-301F-11D3-BF4B-00C04F79EFBC}") = "Task_1", "Lesson_5\Task_1.csproj", "{57648829-0373-4EF6-AF3F-36E2BEBFAEAC}"
EndProject
Project("{FAE04EC0-301F-11D3-BF4B-00C04F79EFBC}") = "Task_2", "Task_2\Task_2.csproj", "{7DC5FF69-9FD5-4F73-BA95-F37C24AC866A}"
EndProject
Project("{FAE04EC0-301F-11D3-BF4B-00C04F79EFBC}") = "Task_3", "Task_3\Task_3.csproj", "{FE7CA57C-E52D-4E97-B63C-FD39241924E0}"
EndProject
Global
	GlobalSection(SolutionConfigurationPlatforms) = preSolution
		Debug|Any CPU = Debug|Any CPU
		Release|Any CPU = Release|Any CPU
	EndGlobalSection
	GlobalSection(ProjectConfigurationPlatforms) = postSolution
		{57648829-0373-4EF6-AF3F-36E2BEBFAEAC}.Debug|Any CPU.ActiveCfg = Debug|Any CPU
		{57648829-0373-4EF6-AF3F-36E2BEBFAEAC}.Debug|Any CPU.Build.0 = Debug|Any CPU
		{57648829-0373-4EF6-AF3F-36E2BEBFAEAC}.Release|Any CPU.ActiveCfg = Release|Any CPU
		{57648829-0373-4EF6-AF3F-36E2BEBFAEAC}.Release|Any CPU.Build.0 = Release|Any CPU
		{7DC5FF69-9FD5-4F73-BA95-F37C24AC866A}.Debug|Any CPU.ActiveCfg = Debug|Any CPU
		{7DC5FF69-9FD5-4F73-BA95-F37C24AC866A}.Debug|Any CPU.Build.0 = Debug|Any CPU
		{7DC5FF69-9FD5-4F73-BA95-F37C24AC866A}.Release|Any CPU.ActiveCfg = Release|Any CPU
		{7DC5FF69-9FD5-4F73-BA95-F37C24AC866A}.Release|Any CPU.Build.0 = Release|Any CPU
		{FE7CA57C-E52D-4E97-B63C-FD39241924E0}.Debug|Any CPU.ActiveCfg = Debug|Any CPU
		{FE7CA57C-E52D-4E97-B63C-FD39241924E0}.Debug|Any CPU.Build.0 = Debug|Any CPU
		{FE7CA57C-E52D-4E97-B63C-FD39241924E0}.Release|Any CPU.ActiveCfg = Release|Any CPU
		{FE7CA57C-E52D-4E97-B63C-FD39241924E0}.Release|Any CPU.Build.0 = Release|Any CPU
	EndGlobalSection
	GlobalSection(SolutionProperties) = preSolution
		HideSolutionNode = FALSE
	EndGlobalSection
	GlobalSection(ExtensibilityGlobals) = postSolution
		SolutionGuid = {2BEEA378-4331-40B3-B0A0-88D84B40A0B0}
	EndGlobalSection
EndGlobal
