
Microsoft Visual Studio Solution File, Format Version 12.00
# Visual Studio 15
VisualStudioVersion = 15.0.28307.757
MinimumVisualStudioVersion = 10.0.40219.1
Project("{FAE04EC0-301F-11D3-BF4B-00C04F79EFBC}") = "Task_1", "Task_1\Task_1.csproj", "{4F93CEBD-EB40-4945-91B5-B70EBC300E04}"
EndProject
Project("{FAE04EC0-301F-11D3-BF4B-00C04F79EFBC}") = "Task_2", "Task_2\Task_2.csproj", "{3666037C-E901-4EB0-A1DA-D69657383101}"
EndProject
Project("{FAE04EC0-301F-11D3-BF4B-00C04F79EFBC}") = "Task_3", "Task_3\Task_3.csproj", "{DFD48101-0F1A-4DC1-9B1A-E247F1DF990A}"
EndProject
Global
	GlobalSection(SolutionConfigurationPlatforms) = preSolution
		Debug|Any CPU = Debug|Any CPU
		Release|Any CPU = Release|Any CPU
	EndGlobalSection
	GlobalSection(ProjectConfigurationPlatforms) = postSolution
		{4F93CEBD-EB40-4945-91B5-B70EBC300E04}.Debug|Any CPU.ActiveCfg = Debug|Any CPU
		{4F93CEBD-EB40-4945-91B5-B70EBC300E04}.Debug|Any CPU.Build.0 = Debug|Any CPU
		{4F93CEBD-EB40-4945-91B5-B70EBC300E04}.Release|Any CPU.ActiveCfg = Release|Any CPU
		{4F93CEBD-EB40-4945-91B5-B70EBC300E04}.Release|Any CPU.Build.0 = Release|Any CPU
		{3666037C-E901-4EB0-A1DA-D69657383101}.Debug|Any CPU.ActiveCfg = Debug|Any CPU
		{3666037C-E901-4EB0-A1DA-D69657383101}.Debug|Any CPU.Build.0 = Debug|Any CPU
		{3666037C-E901-4EB0-A1DA-D69657383101}.Release|Any CPU.ActiveCfg = Release|Any CPU
		{3666037C-E901-4EB0-A1DA-D69657383101}.Release|Any CPU.Build.0 = Release|Any CPU
		{DFD48101-0F1A-4DC1-9B1A-E247F1DF990A}.Debug|Any CPU.ActiveCfg = Debug|Any CPU
		{DFD48101-0F1A-4DC1-9B1A-E247F1DF990A}.Debug|Any CPU.Build.0 = Debug|Any CPU
		{DFD48101-0F1A-4DC1-9B1A-E247F1DF990A}.Release|Any CPU.ActiveCfg = Release|Any CPU
		{DFD48101-0F1A-4DC1-9B1A-E247F1DF990A}.Release|Any CPU.Build.0 = Release|Any CPU
	EndGlobalSection
	GlobalSection(SolutionProperties) = preSolution
		HideSolutionNode = FALSE
	EndGlobalSection
	GlobalSection(ExtensibilityGlobals) = postSolution
		SolutionGuid = {18A026E6-922C-438A-A8A9-DDAE03BB2FD9}
	EndGlobalSection
EndGlobal
